PODS:
  - Masonry (1.1.0)
  - ReactiveObjC (3.1.1)

DEPENDENCIES:
  - Masonry
  - ReactiveObjC

SPEC REPOS:
  https://github.com/cocoapods/specs.git:
    - Masonry
    - ReactiveObjC

SPEC CHECKSUMS:
  Masonry: 678fab65091a9290e40e2832a55e7ab731aad201
  ReactiveObjC: 011caa393aa0383245f2dcf9bf02e86b80b36040

PODFILE CHECKSUM: 9ce78f62cebbb4b0f6b9a3d2084dc98f75b8e702

COCOAPODS: 1.5.2
